
Microsoft Visual Studio Solution File, Format Version 12.00
# Visual Studio Version 16
VisualStudioVersion = 16.0.28803.202
MinimumVisualStudioVersion = 10.0.40219.1
Project("{8BC9CEB8-8B4A-11D0-8D11-00A0C91BC942}") = "GetHostAdress", "GetHostAdress\GetHostAdress.vcxproj", "{C607DBEF-924F-49F6-975C-6D2C2305C78A}"
EndProject
Global
	GlobalSection(SolutionConfigurationPlatforms) = preSolution
		Debug|x64 = Debug|x64
		Debug|x86 = Debug|x86
		Release|x64 = Release|x64
		Release|x86 = Release|x86
	EndGlobalSection
	GlobalSection(ProjectConfigurationPlatforms) = postSolution
		{C607DBEF-924F-49F6-975C-6D2C2305C78A}.Debug|x64.ActiveCfg = Debug|x64
		{C607DBEF-924F-49F6-975C-6D2C2305C78A}.Debug|x64.Build.0 = Debug|x64
		{C607DBEF-924F-49F6-975C-6D2C2305C78A}.Debug|x86.ActiveCfg = Debug|Win32
		{C607DBEF-924F-49F6-975C-6D2C2305C78A}.Debug|x86.Build.0 = Debug|Win32
		{C607DBEF-924F-49F6-975C-6D2C2305C78A}.Release|x64.ActiveCfg = Release|x64
		{C607DBEF-924F-49F6-975C-6D2C2305C78A}.Release|x64.Build.0 = Release|x64
		{C607DBEF-924F-49F6-975C-6D2C2305C78A}.Release|x86.ActiveCfg = Release|Win32
		{C607DBEF-924F-49F6-975C-6D2C2305C78A}.Release|x86.Build.0 = Release|Win32
	EndGlobalSection
	GlobalSection(SolutionProperties) = preSolution
		HideSolutionNode = FALSE
	EndGlobalSection
	GlobalSection(ExtensibilityGlobals) = postSolution
		SolutionGuid = {971938EC-1BCA-4352-A9B5-86F0E497632B}
	EndGlobalSection
EndGlobal
